
Microsoft Visual Studio Solution File, Format Version 12.00
# Visual Studio Version 17
VisualStudioVersion = 17.5.002.0
MinimumVisualStudioVersion = 10.0.40219.1
Project("{2150E333-8FDC-42A3-9474-1A3956D46DE8}") = "Finished", "Finished", "{C696C976-C867-4E93-BF07-9549B4D9DD06}"
EndProject
Project("{2150E333-8FDC-42A3-9474-1A3956D46DE8}") = "Files", "Files", "{A17BD789-90A4-459F-BDFF-4E5961D96C52}"
EndProject
Project("{9A19103F-16F7-4668-BE54-9A1E7A4F7556}") = "Challenge", "Finished\Files\Challenge\Challenge.csproj", "{6CB5BF87-EDE0-4B2B-A67C-E06EF1985D4D}"
EndProject
Project("{9A19103F-16F7-4668-BE54-9A1E7A4F7556}") = "CreateFiles", "Finished\Files\CreateFiles\CreateFiles.csproj", "{FF76ACFA-BDE2-4805-BBB2-AB5FDC07FE02}"
EndProject
Project("{9A19103F-16F7-4668-BE54-9A1E7A4F7556}") = "Directories", "Finished\Files\Directories\Directories.csproj", "{6BD66A45-2011-4C21-9137-8629A2AA0FD1}"
EndProject
Project("{9A19103F-16F7-4668-BE54-9A1E7A4F7556}") = "FileInfo", "Finished\Files\FileInfo\FileInfo.csproj", "{15A95A1B-E900-40CA-B8EE-D9D40CC39CAC}"
EndProject
Project("{9A19103F-16F7-4668-BE54-9A1E7A4F7556}") = "ReadWriteFiles", "Finished\Files\ReadWriteFiles\ReadWriteFiles.csproj", "{DF277781-C55D-4124-A3D7-6703BD803321}"
EndProject
Project("{2150E333-8FDC-42A3-9474-1A3956D46DE8}") = "NumbersDates", "NumbersDates", "{2FF796A1-DCE8-4E99-ABF8-F4F29E9D38A0}"
EndProject
Project("{9A19103F-16F7-4668-BE54-9A1E7A4F7556}") = "Challenge", "Finished\NumbersDates\Challenge\Challenge.csproj", "{A9FDE7B0-B855-47FD-A5C2-8A2CE0B38EFE}"
EndProject
Project("{9A19103F-16F7-4668-BE54-9A1E7A4F7556}") = "DateTimeClass", "Finished\NumbersDates\DateTimeClass\DateTimeClass.csproj", "{6F713B15-F3F3-4237-9C5B-9EF5063AAA4E}"
EndProject
Project("{9A19103F-16F7-4668-BE54-9A1E7A4F7556}") = "FormatDates", "Finished\NumbersDates\FormatDates\FormatDates.csproj", "{99F8A541-81D2-4BE5-A4EA-DD7D9B09D001}"
EndProject
Project("{9A19103F-16F7-4668-BE54-9A1E7A4F7556}") = "FormatNumbers", "Finished\NumbersDates\FormatNumbers\FormatNumbers.csproj", "{3837F501-6B3B-4ECD-9BE1-244B6DDDFCA6}"
EndProject
Project("{9A19103F-16F7-4668-BE54-9A1E7A4F7556}") = "ParseDates", "Finished\NumbersDates\ParseDates\ParseDates.csproj", "{BF47770D-AF05-4958-B99A-989A4FC94435}"
EndProject
Project("{9A19103F-16F7-4668-BE54-9A1E7A4F7556}") = "ParseNumbers", "Finished\NumbersDates\ParseNumbers\ParseNumbers.csproj", "{E01DC9B1-5094-4F0F-8ECE-2D9318FB98D8}"
EndProject
Project("{2150E333-8FDC-42A3-9474-1A3956D46DE8}") = "Overview", "Overview", "{3CF12906-6568-49E5-B504-B22CF742B15E}"
EndProject
Project("{9A19103F-16F7-4668-BE54-9A1E7A4F7556}") = "DataTypes", "Finished\Overview\DataTypes\DataTypes.csproj", "{14D0C531-C2B0-47F5-B9BD-8084BDF0A6CB}"
EndProject
Project("{9A19103F-16F7-4668-BE54-9A1E7A4F7556}") = "GarbageCollect", "Finished\Overview\GarbageCollect\GarbageCollect.csproj", "{466DD1B8-03EB-49B1-B2B7-A8A7BA41CFFF}"
EndProject
Project("{9A19103F-16F7-4668-BE54-9A1E7A4F7556}") = "MyConsoleApp", "Finished\Overview\MyConsoleApp\MyConsoleApp.csproj", "{10010F23-BC3D-4B21-B63B-6EEA73DE9774}"
EndProject
Project("{2150E333-8FDC-42A3-9474-1A3956D46DE8}") = "Regex", "Regex", "{84CE2098-06DF-45F9-9FA4-FB4B0A96B205}"
EndProject
Project("{9A19103F-16F7-4668-BE54-9A1E7A4F7556}") = "Challenge", "Finished\Regex\Challenge\Challenge.csproj", "{B347549B-71FF-4EB6-A89D-C3B2FF6735C1}"
EndProject
Project("{9A19103F-16F7-4668-BE54-9A1E7A4F7556}") = "Finding", "Finished\Regex\Finding\Finding.csproj", "{977B7C8B-9753-419E-ABDF-A9E2E1C745A9}"
EndProject
Project("{9A19103F-16F7-4668-BE54-9A1E7A4F7556}") = "Replacing", "Finished\Regex\Replacing\Replacing.csproj", "{20C768AB-E720-414B-BC58-3B6EF9ED0699}"
EndProject
Project("{9A19103F-16F7-4668-BE54-9A1E7A4F7556}") = "RegexTimeouts", "Finished\Regex\Timeouts\RegexTimeouts.csproj", "{D8E84DE0-0332-4E90-ABB8-E2FC3D4C0518}"
EndProject
Project("{2150E333-8FDC-42A3-9474-1A3956D46DE8}") = "Strings", "Strings", "{A6BDA985-783C-441F-BD35-A10DE4AAD6CF}"
EndProject
Project("{9A19103F-16F7-4668-BE54-9A1E7A4F7556}") = "Formatting", "Finished\Strings\Formatting\Formatting.csproj", "{BA12B6DE-C7BD-48B2-BEF8-CDA464672218}"
EndProject
Project("{9A19103F-16F7-4668-BE54-9A1E7A4F7556}") = "Interpolation", "Finished\Strings\Interpolation\Interpolation.csproj", "{CA6AF8AF-7ADC-4398-844A-86C3AEA97E77}"
EndProject
Project("{9A19103F-16F7-4668-BE54-9A1E7A4F7556}") = "Manipulation", "Finished\Strings\Manipulation\Manipulation.csproj", "{5CC433F7-C0D1-42A9-8E32-BA2BCFE3808D}"
EndProject
Project("{9A19103F-16F7-4668-BE54-9A1E7A4F7556}") = "Searching", "Finished\Strings\Searching\Searching.csproj", "{A27110CA-8A3D-49B0-956B-5336CC172446}"
EndProject
Project("{2150E333-8FDC-42A3-9474-1A3956D46DE8}") = "Start", "Start", "{9FDF9EFC-249D-4B97-A45E-A30C10B61C80}"
EndProject
Project("{2150E333-8FDC-42A3-9474-1A3956D46DE8}") = "Files", "Files", "{2A5F0B60-89F1-4DE4-8A0B-D53BC7D2DEE4}"
EndProject
Project("{9A19103F-16F7-4668-BE54-9A1E7A4F7556}") = "CreateFiles", "Start\Files\CreateFiles\CreateFiles.csproj", "{A13E137D-0443-40A2-829C-7221D42E126F}"
EndProject
Project("{9A19103F-16F7-4668-BE54-9A1E7A4F7556}") = "Directories", "Start\Files\Directories\Directories.csproj", "{7ED04FF0-728E-4AC0-BA92-F07488D21102}"
EndProject
Project("{9A19103F-16F7-4668-BE54-9A1E7A4F7556}") = "FileInfo", "Start\Files\FileInfo\FileInfo.csproj", "{0A7D3E2B-A310-42A2-BC55-BE7AB1D06FBF}"
EndProject
Project("{9A19103F-16F7-4668-BE54-9A1E7A4F7556}") = "ReadWriteFiles", "Start\Files\ReadWriteFiles\ReadWriteFiles.csproj", "{C0A575B3-BA8F-4B38-A200-EE9C922CA658}"
EndProject
Project("{2150E333-8FDC-42A3-9474-1A3956D46DE8}") = "NumbersDates", "NumbersDates", "{44107852-C22E-4798-90C2-C34BB5D7211F}"
EndProject
Project("{9A19103F-16F7-4668-BE54-9A1E7A4F7556}") = "DateTimeClass", "Start\NumbersDates\DateTimeClass\DateTimeClass.csproj", "{D02D448B-4FD9-45D5-BDFF-34A0FABB5ABB}"
EndProject
Project("{9A19103F-16F7-4668-BE54-9A1E7A4F7556}") = "FormatDates", "Start\NumbersDates\FormatDates\FormatDates.csproj", "{89DAB4A4-79A0-444C-A74C-E75391DE89DB}"
EndProject
Project("{9A19103F-16F7-4668-BE54-9A1E7A4F7556}") = "FormatNumbers", "Start\NumbersDates\FormatNumbers\FormatNumbers.csproj", "{F84D0282-E2F9-49CC-B771-8885A8387F8A}"
EndProject
Project("{9A19103F-16F7-4668-BE54-9A1E7A4F7556}") = "ParseDates", "Start\NumbersDates\ParseDates\ParseDates.csproj", "{B7774BD0-9896-4207-AE2D-21FA1B6DC616}"
EndProject
Project("{9A19103F-16F7-4668-BE54-9A1E7A4F7556}") = "ParseNumbers", "Start\NumbersDates\ParseNumbers\ParseNumbers.csproj", "{BC35E5E1-10ED-4565-9CF4-3822378992AE}"
EndProject
Project("{2150E333-8FDC-42A3-9474-1A3956D46DE8}") = "Overview", "Overview", "{E800A188-574E-4D9F-856C-2DE8807E0B72}"
EndProject
Project("{9A19103F-16F7-4668-BE54-9A1E7A4F7556}") = "DataTypes", "Start\Overview\DataTypes\DataTypes.csproj", "{250B2D70-0195-4273-8110-68A938C3E3CF}"
EndProject
Project("{9A19103F-16F7-4668-BE54-9A1E7A4F7556}") = "GarbageCollect", "Start\Overview\GarbageCollect\GarbageCollect.csproj", "{F0588F3E-3F64-4415-AFA7-7EAA32427C78}"
EndProject
Project("{9A19103F-16F7-4668-BE54-9A1E7A4F7556}") = "MyConsoleApp", "Start\Overview\MyConsoleApp\MyConsoleApp.csproj", "{2777CE2B-5FC4-4ACA-BCE9-52550419B95B}"
EndProject
Project("{2150E333-8FDC-42A3-9474-1A3956D46DE8}") = "Regex", "Regex", "{ADA6C803-B1A0-4B00-AA3B-5B9B88F6C3BA}"
EndProject
Project("{9A19103F-16F7-4668-BE54-9A1E7A4F7556}") = "Finding", "Start\Regex\Finding\Finding.csproj", "{BFB04682-2166-4624-B8ED-A531274A20F1}"
EndProject
Project("{9A19103F-16F7-4668-BE54-9A1E7A4F7556}") = "Replacing", "Start\Regex\Replacing\Replacing.csproj", "{B73EA749-0042-403E-9922-FFF9DD075150}"
EndProject
Project("{9A19103F-16F7-4668-BE54-9A1E7A4F7556}") = "RegexTimeouts", "Start\Regex\Timeouts\RegexTimeouts.csproj", "{53604888-8ADB-42CA-ADA1-7AB5F8010DE7}"
EndProject
Project("{2150E333-8FDC-42A3-9474-1A3956D46DE8}") = "Strings", "Strings", "{2895B3BF-378A-4095-A184-27DDAA7097C9}"
EndProject
Project("{9A19103F-16F7-4668-BE54-9A1E7A4F7556}") = "Formatting", "Start\Strings\Formatting\Formatting.csproj", "{728C907A-4978-47F3-BCC5-FCE0D06B2649}"
EndProject
Project("{9A19103F-16F7-4668-BE54-9A1E7A4F7556}") = "Interpolation", "Start\Strings\Interpolation\Interpolation.csproj", "{C9D55E96-B184-4E00-AC53-13362733D191}"
EndProject
Project("{9A19103F-16F7-4668-BE54-9A1E7A4F7556}") = "Manipulation", "Start\Strings\Manipulation\Manipulation.csproj", "{C8039509-2906-45D9-A3E7-F48AA576AD15}"
EndProject
Project("{9A19103F-16F7-4668-BE54-9A1E7A4F7556}") = "Searching", "Start\Strings\Searching\Searching.csproj", "{76DDE689-A5A2-4025-9442-72932720C803}"
EndProject
Global
	GlobalSection(SolutionConfigurationPlatforms) = preSolution
		Debug|Any CPU = Debug|Any CPU
		Release|Any CPU = Release|Any CPU
	EndGlobalSection
	GlobalSection(ProjectConfigurationPlatforms) = postSolution
		{6CB5BF87-EDE0-4B2B-A67C-E06EF1985D4D}.Debug|Any CPU.ActiveCfg = Debug|Any CPU
		{6CB5BF87-EDE0-4B2B-A67C-E06EF1985D4D}.Debug|Any CPU.Build.0 = Debug|Any CPU
		{6CB5BF87-EDE0-4B2B-A67C-E06EF1985D4D}.Release|Any CPU.ActiveCfg = Release|Any CPU
		{6CB5BF87-EDE0-4B2B-A67C-E06EF1985D4D}.Release|Any CPU.Build.0 = Release|Any CPU
		{FF76ACFA-BDE2-4805-BBB2-AB5FDC07FE02}.Debug|Any CPU.ActiveCfg = Debug|Any CPU
		{FF76ACFA-BDE2-4805-BBB2-AB5FDC07FE02}.Debug|Any CPU.Build.0 = Debug|Any CPU
		{FF76ACFA-BDE2-4805-BBB2-AB5FDC07FE02}.Release|Any CPU.ActiveCfg = Release|Any CPU
		{FF76ACFA-BDE2-4805-BBB2-AB5FDC07FE02}.Release|Any CPU.Build.0 = Release|Any CPU
		{6BD66A45-2011-4C21-9137-8629A2AA0FD1}.Debug|Any CPU.ActiveCfg = Debug|Any CPU
		{6BD66A45-2011-4C21-9137-8629A2AA0FD1}.Debug|Any CPU.Build.0 = Debug|Any CPU
		{6BD66A45-2011-4C21-9137-8629A2AA0FD1}.Release|Any CPU.ActiveCfg = Release|Any CPU
		{6BD66A45-2011-4C21-9137-8629A2AA0FD1}.Release|Any CPU.Build.0 = Release|Any CPU
		{15A95A1B-E900-40CA-B8EE-D9D40CC39CAC}.Debug|Any CPU.ActiveCfg = Debug|Any CPU
		{15A95A1B-E900-40CA-B8EE-D9D40CC39CAC}.Debug|Any CPU.Build.0 = Debug|Any CPU
		{15A95A1B-E900-40CA-B8EE-D9D40CC39CAC}.Release|Any CPU.ActiveCfg = Release|Any CPU
		{15A95A1B-E900-40CA-B8EE-D9D40CC39CAC}.Release|Any CPU.Build.0 = Release|Any CPU
		{DF277781-C55D-4124-A3D7-6703BD803321}.Debug|Any CPU.ActiveCfg = Debug|Any CPU
		{DF277781-C55D-4124-A3D7-6703BD803321}.Debug|Any CPU.Build.0 = Debug|Any CPU
		{DF277781-C55D-4124-A3D7-6703BD803321}.Release|Any CPU.ActiveCfg = Release|Any CPU
		{DF277781-C55D-4124-A3D7-6703BD803321}.Release|Any CPU.Build.0 = Release|Any CPU
		{A9FDE7B0-B855-47FD-A5C2-8A2CE0B38EFE}.Debug|Any CPU.ActiveCfg = Debug|Any CPU
		{A9FDE7B0-B855-47FD-A5C2-8A2CE0B38EFE}.Debug|Any CPU.Build.0 = Debug|Any CPU
		{A9FDE7B0-B855-47FD-A5C2-8A2CE0B38EFE}.Release|Any CPU.ActiveCfg = Release|Any CPU
		{A9FDE7B0-B855-47FD-A5C2-8A2CE0B38EFE}.Release|Any CPU.Build.0 = Release|Any CPU
		{6F713B15-F3F3-4237-9C5B-9EF5063AAA4E}.Debug|Any CPU.ActiveCfg = Debug|Any CPU
		{6F713B15-F3F3-4237-9C5B-9EF5063AAA4E}.Debug|Any CPU.Build.0 = Debug|Any CPU
		{6F713B15-F3F3-4237-9C5B-9EF5063AAA4E}.Release|Any CPU.ActiveCfg = Release|Any CPU
		{6F713B15-F3F3-4237-9C5B-9EF5063AAA4E}.Release|Any CPU.Build.0 = Release|Any CPU
		{99F8A541-81D2-4BE5-A4EA-DD7D9B09D001}.Debug|Any CPU.ActiveCfg = Debug|Any CPU
		{99F8A541-81D2-4BE5-A4EA-DD7D9B09D001}.Debug|Any CPU.Build.0 = Debug|Any CPU
		{99F8A541-81D2-4BE5-A4EA-DD7D9B09D001}.Release|Any CPU.ActiveCfg = Release|Any CPU
		{99F8A541-81D2-4BE5-A4EA-DD7D9B09D001}.Release|Any CPU.Build.0 = Release|Any CPU
		{3837F501-6B3B-4ECD-9BE1-244B6DDDFCA6}.Debug|Any CPU.ActiveCfg = Debug|Any CPU
		{3837F501-6B3B-4ECD-9BE1-244B6DDDFCA6}.Debug|Any CPU.Build.0 = Debug|Any CPU
		{3837F501-6B3B-4ECD-9BE1-244B6DDDFCA6}.Release|Any CPU.ActiveCfg = Release|Any CPU
		{3837F501-6B3B-4ECD-9BE1-244B6DDDFCA6}.Release|Any CPU.Build.0 = Release|Any CPU
		{BF47770D-AF05-4958-B99A-989A4FC94435}.Debug|Any CPU.ActiveCfg = Debug|Any CPU
		{BF47770D-AF05-4958-B99A-989A4FC94435}.Debug|Any CPU.Build.0 = Debug|Any CPU
		{BF47770D-AF05-4958-B99A-989A4FC94435}.Release|Any CPU.ActiveCfg = Release|Any CPU
		{BF47770D-AF05-4958-B99A-989A4FC94435}.Release|Any CPU.Build.0 = Release|Any CPU
		{E01DC9B1-5094-4F0F-8ECE-2D9318FB98D8}.Debug|Any CPU.ActiveCfg = Debug|Any CPU
		{E01DC9B1-5094-4F0F-8ECE-2D9318FB98D8}.Debug|Any CPU.Build.0 = Debug|Any CPU
		{E01DC9B1-5094-4F0F-8ECE-2D9318FB98D8}.Release|Any CPU.ActiveCfg = Release|Any CPU
		{E01DC9B1-5094-4F0F-8ECE-2D9318FB98D8}.Release|Any CPU.Build.0 = Release|Any CPU
		{14D0C531-C2B0-47F5-B9BD-8084BDF0A6CB}.Debug|Any CPU.ActiveCfg = Debug|Any CPU
		{14D0C531-C2B0-47F5-B9BD-8084BDF0A6CB}.Debug|Any CPU.Build.0 = Debug|Any CPU
		{14D0C531-C2B0-47F5-B9BD-8084BDF0A6CB}.Release|Any CPU.ActiveCfg = Release|Any CPU
		{14D0C531-C2B0-47F5-B9BD-8084BDF0A6CB}.Release|Any CPU.Build.0 = Release|Any CPU
		{466DD1B8-03EB-49B1-B2B7-A8A7BA41CFFF}.Debug|Any CPU.ActiveCfg = Debug|Any CPU
		{466DD1B8-03EB-49B1-B2B7-A8A7BA41CFFF}.Debug|Any CPU.Build.0 = Debug|Any CPU
		{466DD1B8-03EB-49B1-B2B7-A8A7BA41CFFF}.Release|Any CPU.ActiveCfg = Release|Any CPU
		{466DD1B8-03EB-49B1-B2B7-A8A7BA41CFFF}.Release|Any CPU.Build.0 = Release|Any CPU
		{10010F23-BC3D-4B21-B63B-6EEA73DE9774}.Debug|Any CPU.ActiveCfg = Debug|Any CPU
		{10010F23-BC3D-4B21-B63B-6EEA73DE9774}.Debug|Any CPU.Build.0 = Debug|Any CPU
		{10010F23-BC3D-4B21-B63B-6EEA73DE9774}.Release|Any CPU.ActiveCfg = Release|Any CPU
		{10010F23-BC3D-4B21-B63B-6EEA73DE9774}.Release|Any CPU.Build.0 = Release|Any CPU
		{B347549B-71FF-4EB6-A89D-C3B2FF6735C1}.Debug|Any CPU.ActiveCfg = Debug|Any CPU
		{B347549B-71FF-4EB6-A89D-C3B2FF6735C1}.Debug|Any CPU.Build.0 = Debug|Any CPU
		{B347549B-71FF-4EB6-A89D-C3B2FF6735C1}.Release|Any CPU.ActiveCfg = Release|Any CPU
		{B347549B-71FF-4EB6-A89D-C3B2FF6735C1}.Release|Any CPU.Build.0 = Release|Any CPU
		{977B7C8B-9753-419E-ABDF-A9E2E1C745A9}.Debug|Any CPU.ActiveCfg = Debug|Any CPU
		{977B7C8B-9753-419E-ABDF-A9E2E1C745A9}.Debug|Any CPU.Build.0 = Debug|Any CPU
		{977B7C8B-9753-419E-ABDF-A9E2E1C745A9}.Release|Any CPU.ActiveCfg = Release|Any CPU
		{977B7C8B-9753-419E-ABDF-A9E2E1C745A9}.Release|Any CPU.Build.0 = Release|Any CPU
		{20C768AB-E720-414B-BC58-3B6EF9ED0699}.Debug|Any CPU.ActiveCfg = Debug|Any CPU
		{20C768AB-E720-414B-BC58-3B6EF9ED0699}.Debug|Any CPU.Build.0 = Debug|Any CPU
		{20C768AB-E720-414B-BC58-3B6EF9ED0699}.Release|Any CPU.ActiveCfg = Release|Any CPU
		{20C768AB-E720-414B-BC58-3B6EF9ED0699}.Release|Any CPU.Build.0 = Release|Any CPU
		{D8E84DE0-0332-4E90-ABB8-E2FC3D4C0518}.Debug|Any CPU.ActiveCfg = Debug|Any CPU
		{D8E84DE0-0332-4E90-ABB8-E2FC3D4C0518}.Debug|Any CPU.Build.0 = Debug|Any CPU
		{D8E84DE0-0332-4E90-ABB8-E2FC3D4C0518}.Release|Any CPU.ActiveCfg = Release|Any CPU
		{D8E84DE0-0332-4E90-ABB8-E2FC3D4C0518}.Release|Any CPU.Build.0 = Release|Any CPU
		{BA12B6DE-C7BD-48B2-BEF8-CDA464672218}.Debug|Any CPU.ActiveCfg = Debug|Any CPU
		{BA12B6DE-C7BD-48B2-BEF8-CDA464672218}.Debug|Any CPU.Build.0 = Debug|Any CPU
		{BA12B6DE-C7BD-48B2-BEF8-CDA464672218}.Release|Any CPU.ActiveCfg = Release|Any CPU
		{BA12B6DE-C7BD-48B2-BEF8-CDA464672218}.Release|Any CPU.Build.0 = Release|Any CPU
		{CA6AF8AF-7ADC-4398-844A-86C3AEA97E77}.Debug|Any CPU.ActiveCfg = Debug|Any CPU
		{CA6AF8AF-7ADC-4398-844A-86C3AEA97E77}.Debug|Any CPU.Build.0 = Debug|Any CPU
		{CA6AF8AF-7ADC-4398-844A-86C3AEA97E77}.Release|Any CPU.ActiveCfg = Release|Any CPU
		{CA6AF8AF-7ADC-4398-844A-86C3AEA97E77}.Release|Any CPU.Build.0 = Release|Any CPU
		{5CC433F7-C0D1-42A9-8E32-BA2BCFE3808D}.Debug|Any CPU.ActiveCfg = Debug|Any CPU
		{5CC433F7-C0D1-42A9-8E32-BA2BCFE3808D}.Debug|Any CPU.Build.0 = Debug|Any CPU
		{5CC433F7-C0D1-42A9-8E32-BA2BCFE3808D}.Release|Any CPU.ActiveCfg = Release|Any CPU
		{5CC433F7-C0D1-42A9-8E32-BA2BCFE3808D}.Release|Any CPU.Build.0 = Release|Any CPU
		{A27110CA-8A3D-49B0-956B-5336CC172446}.Debug|Any CPU.ActiveCfg = Debug|Any CPU
		{A27110CA-8A3D-49B0-956B-5336CC172446}.Debug|Any CPU.Build.0 = Debug|Any CPU
		{A27110CA-8A3D-49B0-956B-5336CC172446}.Release|Any CPU.ActiveCfg = Release|Any CPU
		{A27110CA-8A3D-49B0-956B-5336CC172446}.Release|Any CPU.Build.0 = Release|Any CPU
		{A13E137D-0443-40A2-829C-7221D42E126F}.Debug|Any CPU.ActiveCfg = Debug|Any CPU
		{A13E137D-0443-40A2-829C-7221D42E126F}.Debug|Any CPU.Build.0 = Debug|Any CPU
		{A13E137D-0443-40A2-829C-7221D42E126F}.Release|Any CPU.ActiveCfg = Release|Any CPU
		{A13E137D-0443-40A2-829C-7221D42E126F}.Release|Any CPU.Build.0 = Release|Any CPU
		{7ED04FF0-728E-4AC0-BA92-F07488D21102}.Debug|Any CPU.ActiveCfg = Debug|Any CPU
		{7ED04FF0-728E-4AC0-BA92-F07488D21102}.Debug|Any CPU.Build.0 = Debug|Any CPU
		{7ED04FF0-728E-4AC0-BA92-F07488D21102}.Release|Any CPU.ActiveCfg = Release|Any CPU
		{7ED04FF0-728E-4AC0-BA92-F07488D21102}.Release|Any CPU.Build.0 = Release|Any CPU
		{0A7D3E2B-A310-42A2-BC55-BE7AB1D06FBF}.Debug|Any CPU.ActiveCfg = Debug|Any CPU
		{0A7D3E2B-A310-42A2-BC55-BE7AB1D06FBF}.Debug|Any CPU.Build.0 = Debug|Any CPU
		{0A7D3E2B-A310-42A2-BC55-BE7AB1D06FBF}.Release|Any CPU.ActiveCfg = Release|Any CPU
		{0A7D3E2B-A310-42A2-BC55-BE7AB1D06FBF}.Release|Any CPU.Build.0 = Release|Any CPU
		{C0A575B3-BA8F-4B38-A200-EE9C922CA658}.Debug|Any CPU.ActiveCfg = Debug|Any CPU
		{C0A575B3-BA8F-4B38-A200-EE9C922CA658}.Debug|Any CPU.Build.0 = Debug|Any CPU
		{C0A575B3-BA8F-4B38-A200-EE9C922CA658}.Release|Any CPU.ActiveCfg = Release|Any CPU
		{C0A575B3-BA8F-4B38-A200-EE9C922CA658}.Release|Any CPU.Build.0 = Release|Any CPU
		{D02D448B-4FD9-45D5-BDFF-34A0FABB5ABB}.Debug|Any CPU.ActiveCfg = Debug|Any CPU
		{D02D448B-4FD9-45D5-BDFF-34A0FABB5ABB}.Debug|Any CPU.Build.0 = Debug|Any CPU
		{D02D448B-4FD9-45D5-BDFF-34A0FABB5ABB}.Release|Any CPU.ActiveCfg = Release|Any CPU
		{D02D448B-4FD9-45D5-BDFF-34A0FABB5ABB}.Release|Any CPU.Build.0 = Release|Any CPU
		{89DAB4A4-79A0-444C-A74C-E75391DE89DB}.Debug|Any CPU.ActiveCfg = Debug|Any CPU
		{89DAB4A4-79A0-444C-A74C-E75391DE89DB}.Debug|Any CPU.Build.0 = Debug|Any CPU
		{89DAB4A4-79A0-444C-A74C-E75391DE89DB}.Release|Any CPU.ActiveCfg = Release|Any CPU
		{89DAB4A4-79A0-444C-A74C-E75391DE89DB}.Release|Any CPU.Build.0 = Release|Any CPU
		{F84D0282-E2F9-49CC-B771-8885A8387F8A}.Debug|Any CPU.ActiveCfg = Debug|Any CPU
		{F84D0282-E2F9-49CC-B771-8885A8387F8A}.Debug|Any CPU.Build.0 = Debug|Any CPU
		{F84D0282-E2F9-49CC-B771-8885A8387F8A}.Release|Any CPU.ActiveCfg = Release|Any CPU
		{F84D0282-E2F9-49CC-B771-8885A8387F8A}.Release|Any CPU.Build.0 = Release|Any CPU
		{B7774BD0-9896-4207-AE2D-21FA1B6DC616}.Debug|Any CPU.ActiveCfg = Debug|Any CPU
		{B7774BD0-9896-4207-AE2D-21FA1B6DC616}.Debug|Any CPU.Build.0 = Debug|Any CPU
		{B7774BD0-9896-4207-AE2D-21FA1B6DC616}.Release|Any CPU.ActiveCfg = Release|Any CPU
		{B7774BD0-9896-4207-AE2D-21FA1B6DC616}.Release|Any CPU.Build.0 = Release|Any CPU
		{BC35E5E1-10ED-4565-9CF4-3822378992AE}.Debug|Any CPU.ActiveCfg = Debug|Any CPU
		{BC35E5E1-10ED-4565-9CF4-3822378992AE}.Debug|Any CPU.Build.0 = Debug|Any CPU
		{BC35E5E1-10ED-4565-9CF4-3822378992AE}.Release|Any CPU.ActiveCfg = Release|Any CPU
		{BC35E5E1-10ED-4565-9CF4-3822378992AE}.Release|Any CPU.Build.0 = Release|Any CPU
		{250B2D70-0195-4273-8110-68A938C3E3CF}.Debug|Any CPU.ActiveCfg = Debug|Any CPU
		{250B2D70-0195-4273-8110-68A938C3E3CF}.Debug|Any CPU.Build.0 = Debug|Any CPU
		{250B2D70-0195-4273-8110-68A938C3E3CF}.Release|Any CPU.ActiveCfg = Release|Any CPU
		{250B2D70-0195-4273-8110-68A938C3E3CF}.Release|Any CPU.Build.0 = Release|Any CPU
		{F0588F3E-3F64-4415-AFA7-7EAA32427C78}.Debug|Any CPU.ActiveCfg = Debug|Any CPU
		{F0588F3E-3F64-4415-AFA7-7EAA32427C78}.Debug|Any CPU.Build.0 = Debug|Any CPU
		{F0588F3E-3F64-4415-AFA7-7EAA32427C78}.Release|Any CPU.ActiveCfg = Release|Any CPU
		{F0588F3E-3F64-4415-AFA7-7EAA32427C78}.Release|Any CPU.Build.0 = Release|Any CPU
		{2777CE2B-5FC4-4ACA-BCE9-52550419B95B}.Debug|Any CPU.ActiveCfg = Debug|Any CPU
		{2777CE2B-5FC4-4ACA-BCE9-52550419B95B}.Debug|Any CPU.Build.0 = Debug|Any CPU
		{2777CE2B-5FC4-4ACA-BCE9-52550419B95B}.Release|Any CPU.ActiveCfg = Release|Any CPU
		{2777CE2B-5FC4-4ACA-BCE9-52550419B95B}.Release|Any CPU.Build.0 = Release|Any CPU
		{BFB04682-2166-4624-B8ED-A531274A20F1}.Debug|Any CPU.ActiveCfg = Debug|Any CPU
		{BFB04682-2166-4624-B8ED-A531274A20F1}.Debug|Any CPU.Build.0 = Debug|Any CPU
		{BFB04682-2166-4624-B8ED-A531274A20F1}.Release|Any CPU.ActiveCfg = Release|Any CPU
		{BFB04682-2166-4624-B8ED-A531274A20F1}.Release|Any CPU.Build.0 = Release|Any CPU
		{B73EA749-0042-403E-9922-FFF9DD075150}.Debug|Any CPU.ActiveCfg = Debug|Any CPU
		{B73EA749-0042-403E-9922-FFF9DD075150}.Debug|Any CPU.Build.0 = Debug|Any CPU
		{B73EA749-0042-403E-9922-FFF9DD075150}.Release|Any CPU.ActiveCfg = Release|Any CPU
		{B73EA749-0042-403E-9922-FFF9DD075150}.Release|Any CPU.Build.0 = Release|Any CPU
		{53604888-8ADB-42CA-ADA1-7AB5F8010DE7}.Debug|Any CPU.ActiveCfg = Debug|Any CPU
		{53604888-8ADB-42CA-ADA1-7AB5F8010DE7}.Debug|Any CPU.Build.0 = Debug|Any CPU
		{53604888-8ADB-42CA-ADA1-7AB5F8010DE7}.Release|Any CPU.ActiveCfg = Release|Any CPU
		{53604888-8ADB-42CA-ADA1-7AB5F8010DE7}.Release|Any CPU.Build.0 = Release|Any CPU
		{728C907A-4978-47F3-BCC5-FCE0D06B2649}.Debug|Any CPU.ActiveCfg = Debug|Any CPU
		{728C907A-4978-47F3-BCC5-FCE0D06B2649}.Debug|Any CPU.Build.0 = Debug|Any CPU
		{728C907A-4978-47F3-BCC5-FCE0D06B2649}.Release|Any CPU.ActiveCfg = Release|Any CPU
		{728C907A-4978-47F3-BCC5-FCE0D06B2649}.Release|Any CPU.Build.0 = Release|Any CPU
		{C9D55E96-B184-4E00-AC53-13362733D191}.Debug|Any CPU.ActiveCfg = Debug|Any CPU
		{C9D55E96-B184-4E00-AC53-13362733D191}.Debug|Any CPU.Build.0 = Debug|Any CPU
		{C9D55E96-B184-4E00-AC53-13362733D191}.Release|Any CPU.ActiveCfg = Release|Any CPU
		{C9D55E96-B184-4E00-AC53-13362733D191}.Release|Any CPU.Build.0 = Release|Any CPU
		{C8039509-2906-45D9-A3E7-F48AA576AD15}.Debug|Any CPU.ActiveCfg = Debug|Any CPU
		{C8039509-2906-45D9-A3E7-F48AA576AD15}.Debug|Any CPU.Build.0 = Debug|Any CPU
		{C8039509-2906-45D9-A3E7-F48AA576AD15}.Release|Any CPU.ActiveCfg = Release|Any CPU
		{C8039509-2906-45D9-A3E7-F48AA576AD15}.Release|Any CPU.Build.0 = Release|Any CPU
		{76DDE689-A5A2-4025-9442-72932720C803}.Debug|Any CPU.ActiveCfg = Debug|Any CPU
		{76DDE689-A5A2-4025-9442-72932720C803}.Debug|Any CPU.Build.0 = Debug|Any CPU
		{76DDE689-A5A2-4025-9442-72932720C803}.Release|Any CPU.ActiveCfg = Release|Any CPU
		{76DDE689-A5A2-4025-9442-72932720C803}.Release|Any CPU.Build.0 = Release|Any CPU
	EndGlobalSection
	GlobalSection(SolutionProperties) = preSolution
		HideSolutionNode = FALSE
	EndGlobalSection
	GlobalSection(NestedProjects) = preSolution
		{A17BD789-90A4-459F-BDFF-4E5961D96C52} = {C696C976-C867-4E93-BF07-9549B4D9DD06}
		{6CB5BF87-EDE0-4B2B-A67C-E06EF1985D4D} = {A17BD789-90A4-459F-BDFF-4E5961D96C52}
		{FF76ACFA-BDE2-4805-BBB2-AB5FDC07FE02} = {A17BD789-90A4-459F-BDFF-4E5961D96C52}
		{6BD66A45-2011-4C21-9137-8629A2AA0FD1} = {A17BD789-90A4-459F-BDFF-4E5961D96C52}
		{15A95A1B-E900-40CA-B8EE-D9D40CC39CAC} = {A17BD789-90A4-459F-BDFF-4E5961D96C52}
		{DF277781-C55D-4124-A3D7-6703BD803321} = {A17BD789-90A4-459F-BDFF-4E5961D96C52}
		{2FF796A1-DCE8-4E99-ABF8-F4F29E9D38A0} = {C696C976-C867-4E93-BF07-9549B4D9DD06}
		{A9FDE7B0-B855-47FD-A5C2-8A2CE0B38EFE} = {2FF796A1-DCE8-4E99-ABF8-F4F29E9D38A0}
		{6F713B15-F3F3-4237-9C5B-9EF5063AAA4E} = {2FF796A1-DCE8-4E99-ABF8-F4F29E9D38A0}
		{99F8A541-81D2-4BE5-A4EA-DD7D9B09D001} = {2FF796A1-DCE8-4E99-ABF8-F4F29E9D38A0}
		{3837F501-6B3B-4ECD-9BE1-244B6DDDFCA6} = {2FF796A1-DCE8-4E99-ABF8-F4F29E9D38A0}
		{BF47770D-AF05-4958-B99A-989A4FC94435} = {2FF796A1-DCE8-4E99-ABF8-F4F29E9D38A0}
		{E01DC9B1-5094-4F0F-8ECE-2D9318FB98D8} = {2FF796A1-DCE8-4E99-ABF8-F4F29E9D38A0}
		{3CF12906-6568-49E5-B504-B22CF742B15E} = {C696C976-C867-4E93-BF07-9549B4D9DD06}
		{14D0C531-C2B0-47F5-B9BD-8084BDF0A6CB} = {3CF12906-6568-49E5-B504-B22CF742B15E}
		{466DD1B8-03EB-49B1-B2B7-A8A7BA41CFFF} = {3CF12906-6568-49E5-B504-B22CF742B15E}
		{10010F23-BC3D-4B21-B63B-6EEA73DE9774} = {3CF12906-6568-49E5-B504-B22CF742B15E}
		{84CE2098-06DF-45F9-9FA4-FB4B0A96B205} = {C696C976-C867-4E93-BF07-9549B4D9DD06}
		{B347549B-71FF-4EB6-A89D-C3B2FF6735C1} = {84CE2098-06DF-45F9-9FA4-FB4B0A96B205}
		{977B7C8B-9753-419E-ABDF-A9E2E1C745A9} = {84CE2098-06DF-45F9-9FA4-FB4B0A96B205}
		{20C768AB-E720-414B-BC58-3B6EF9ED0699} = {84CE2098-06DF-45F9-9FA4-FB4B0A96B205}
		{D8E84DE0-0332-4E90-ABB8-E2FC3D4C0518} = {84CE2098-06DF-45F9-9FA4-FB4B0A96B205}
		{A6BDA985-783C-441F-BD35-A10DE4AAD6CF} = {C696C976-C867-4E93-BF07-9549B4D9DD06}
		{BA12B6DE-C7BD-48B2-BEF8-CDA464672218} = {A6BDA985-783C-441F-BD35-A10DE4AAD6CF}
		{CA6AF8AF-7ADC-4398-844A-86C3AEA97E77} = {A6BDA985-783C-441F-BD35-A10DE4AAD6CF}
		{5CC433F7-C0D1-42A9-8E32-BA2BCFE3808D} = {A6BDA985-783C-441F-BD35-A10DE4AAD6CF}
		{A27110CA-8A3D-49B0-956B-5336CC172446} = {A6BDA985-783C-441F-BD35-A10DE4AAD6CF}
		{2A5F0B60-89F1-4DE4-8A0B-D53BC7D2DEE4} = {9FDF9EFC-249D-4B97-A45E-A30C10B61C80}
		{A13E137D-0443-40A2-829C-7221D42E126F} = {2A5F0B60-89F1-4DE4-8A0B-D53BC7D2DEE4}
		{7ED04FF0-728E-4AC0-BA92-F07488D21102} = {2A5F0B60-89F1-4DE4-8A0B-D53BC7D2DEE4}
		{0A7D3E2B-A310-42A2-BC55-BE7AB1D06FBF} = {2A5F0B60-89F1-4DE4-8A0B-D53BC7D2DEE4}
		{C0A575B3-BA8F-4B38-A200-EE9C922CA658} = {2A5F0B60-89F1-4DE4-8A0B-D53BC7D2DEE4}
		{44107852-C22E-4798-90C2-C34BB5D7211F} = {9FDF9EFC-249D-4B97-A45E-A30C10B61C80}
		{D02D448B-4FD9-45D5-BDFF-34A0FABB5ABB} = {44107852-C22E-4798-90C2-C34BB5D7211F}
		{89DAB4A4-79A0-444C-A74C-E75391DE89DB} = {44107852-C22E-4798-90C2-C34BB5D7211F}
		{F84D0282-E2F9-49CC-B771-8885A8387F8A} = {44107852-C22E-4798-90C2-C34BB5D7211F}
		{B7774BD0-9896-4207-AE2D-21FA1B6DC616} = {44107852-C22E-4798-90C2-C34BB5D7211F}
		{BC35E5E1-10ED-4565-9CF4-3822378992AE} = {44107852-C22E-4798-90C2-C34BB5D7211F}
		{E800A188-574E-4D9F-856C-2DE8807E0B72} = {9FDF9EFC-249D-4B97-A45E-A30C10B61C80}
		{250B2D70-0195-4273-8110-68A938C3E3CF} = {E800A188-574E-4D9F-856C-2DE8807E0B72}
		{F0588F3E-3F64-4415-AFA7-7EAA32427C78} = {E800A188-574E-4D9F-856C-2DE8807E0B72}
		{2777CE2B-5FC4-4ACA-BCE9-52550419B95B} = {E800A188-574E-4D9F-856C-2DE8807E0B72}
		{ADA6C803-B1A0-4B00-AA3B-5B9B88F6C3BA} = {9FDF9EFC-249D-4B97-A45E-A30C10B61C80}
		{BFB04682-2166-4624-B8ED-A531274A20F1} = {ADA6C803-B1A0-4B00-AA3B-5B9B88F6C3BA}
		{B73EA749-0042-403E-9922-FFF9DD075150} = {ADA6C803-B1A0-4B00-AA3B-5B9B88F6C3BA}
		{53604888-8ADB-42CA-ADA1-7AB5F8010DE7} = {ADA6C803-B1A0-4B00-AA3B-5B9B88F6C3BA}
		{2895B3BF-378A-4095-A184-27DDAA7097C9} = {9FDF9EFC-249D-4B97-A45E-A30C10B61C80}
		{728C907A-4978-47F3-BCC5-FCE0D06B2649} = {2895B3BF-378A-4095-A184-27DDAA7097C9}
		{C9D55E96-B184-4E00-AC53-13362733D191} = {2895B3BF-378A-4095-A184-27DDAA7097C9}
		{C8039509-2906-45D9-A3E7-F48AA576AD15} = {2895B3BF-378A-4095-A184-27DDAA7097C9}
		{76DDE689-A5A2-4025-9442-72932720C803} = {2895B3BF-378A-4095-A184-27DDAA7097C9}
	EndGlobalSection
	GlobalSection(ExtensibilityGlobals) = postSolution
		SolutionGuid = {66D1ED16-D8E6-4D0F-9A43-C28AF4D5A80E}
	EndGlobalSection
EndGlobal
